{
  "name": "quicksilver",
  "version": "1.0.0",
  "lockfileVersion": 1,
  "requires": true,
  "dependencies": {
    "lightstreamer-adapter": {
      "version": "1.4.1",
      "resolved": "https://registry.npmjs.org/lightstreamer-adapter/-/lightstreamer-adapter-1.4.1.tgz",
      "integrity": "sha1-QePnKPYmNTbRmrM6ZD/QLVNzr7Q="
    }
  }
}
